
Microsoft Visual Studio Solution File, Format Version 12.00
# Visual Studio 14
VisualStudioVersion = 14.0.25420.1
MinimumVisualStudioVersion = 10.0.40219.1
Project("{FAE04EC0-301F-11D3-BF4B-00C04F79EFBC}") = "Social", "Social\Social.csproj", "{D983E793-FE4F-495B-9BD9-6B6778385BD6}"
EndProject
Global
	GlobalSection(SolutionConfigurationPlatforms) = preSolution
		BGS_Debug|Any CPU = BGS_Debug|Any CPU
		BGS_Debug|x86 = BGS_Debug|x86
		BGS|Any CPU = BGS|Any CPU
		BGS|x86 = BGS|x86
		DEBUG_REDIS|Any CPU = DEBUG_REDIS|Any CPU
		DEBUG_REDIS|x86 = DEBUG_REDIS|x86
		Debug|Any CPU = Debug|Any CPU
		Debug|x86 = Debug|x86
		Release_Prod|Any CPU = Release_Prod|Any CPU
		Release_Prod|x86 = Release_Prod|x86
		Release_QA|Any CPU = Release_QA|Any CPU
		Release_QA|x86 = Release_QA|x86
		Release_Staging|Any CPU = Release_Staging|Any CPU
		Release_Staging|x86 = Release_Staging|x86
		Release_UAT|Any CPU = Release_UAT|Any CPU
		Release_UAT|x86 = Release_UAT|x86
		Release|Any CPU = Release|Any CPU
		Release|x86 = Release|x86
	EndGlobalSection
	GlobalSection(ProjectConfigurationPlatforms) = postSolution
		{D983E793-FE4F-495B-9BD9-6B6778385BD6}.BGS_Debug|Any CPU.ActiveCfg = Debug|Any CPU
		{D983E793-FE4F-495B-9BD9-6B6778385BD6}.BGS_Debug|Any CPU.Build.0 = Debug|Any CPU
		{D983E793-FE4F-495B-9BD9-6B6778385BD6}.BGS_Debug|x86.ActiveCfg = Debug|Any CPU
		{D983E793-FE4F-495B-9BD9-6B6778385BD6}.BGS_Debug|x86.Build.0 = Debug|Any CPU
		{D983E793-FE4F-495B-9BD9-6B6778385BD6}.BGS|Any CPU.ActiveCfg = Release|Any CPU
		{D983E793-FE4F-495B-9BD9-6B6778385BD6}.BGS|Any CPU.Build.0 = Release|Any CPU
		{D983E793-FE4F-495B-9BD9-6B6778385BD6}.BGS|x86.ActiveCfg = Release|Any CPU
		{D983E793-FE4F-495B-9BD9-6B6778385BD6}.BGS|x86.Build.0 = Release|Any CPU
		{D983E793-FE4F-495B-9BD9-6B6778385BD6}.DEBUG_REDIS|Any CPU.ActiveCfg = Debug|Any CPU
		{D983E793-FE4F-495B-9BD9-6B6778385BD6}.DEBUG_REDIS|Any CPU.Build.0 = Debug|Any CPU
		{D983E793-FE4F-495B-9BD9-6B6778385BD6}.DEBUG_REDIS|x86.ActiveCfg = Debug|Any CPU
		{D983E793-FE4F-495B-9BD9-6B6778385BD6}.DEBUG_REDIS|x86.Build.0 = Debug|Any CPU
		{D983E793-FE4F-495B-9BD9-6B6778385BD6}.Debug|Any CPU.ActiveCfg = Debug|Any CPU
		{D983E793-FE4F-495B-9BD9-6B6778385BD6}.Debug|Any CPU.Build.0 = Debug|Any CPU
		{D983E793-FE4F-495B-9BD9-6B6778385BD6}.Debug|x86.ActiveCfg = Debug|Any CPU
		{D983E793-FE4F-495B-9BD9-6B6778385BD6}.Debug|x86.Build.0 = Debug|Any CPU
		{D983E793-FE4F-495B-9BD9-6B6778385BD6}.Release_Prod|Any CPU.ActiveCfg = Release|Any CPU
		{D983E793-FE4F-495B-9BD9-6B6778385BD6}.Release_Prod|Any CPU.Build.0 = Release|Any CPU
		{D983E793-FE4F-495B-9BD9-6B6778385BD6}.Release_Prod|x86.ActiveCfg = Release|Any CPU
		{D983E793-FE4F-495B-9BD9-6B6778385BD6}.Release_Prod|x86.Build.0 = Release|Any CPU
		{D983E793-FE4F-495B-9BD9-6B6778385BD6}.Release_QA|Any CPU.ActiveCfg = Release|Any CPU
		{D983E793-FE4F-495B-9BD9-6B6778385BD6}.Release_QA|Any CPU.Build.0 = Release|Any CPU
		{D983E793-FE4F-495B-9BD9-6B6778385BD6}.Release_QA|x86.ActiveCfg = Release|Any CPU
		{D983E793-FE4F-495B-9BD9-6B6778385BD6}.Release_QA|x86.Build.0 = Release|Any CPU
		{D983E793-FE4F-495B-9BD9-6B6778385BD6}.Release_Staging|Any CPU.ActiveCfg = Release|Any CPU
		{D983E793-FE4F-495B-9BD9-6B6778385BD6}.Release_Staging|Any CPU.Build.0 = Release|Any CPU
		{D983E793-FE4F-495B-9BD9-6B6778385BD6}.Release_Staging|x86.ActiveCfg = Release|Any CPU
		{D983E793-FE4F-495B-9BD9-6B6778385BD6}.Release_Staging|x86.Build.0 = Release|Any CPU
		{D983E793-FE4F-495B-9BD9-6B6778385BD6}.Release_UAT|Any CPU.ActiveCfg = Release|Any CPU
		{D983E793-FE4F-495B-9BD9-6B6778385BD6}.Release_UAT|Any CPU.Build.0 = Release|Any CPU
		{D983E793-FE4F-495B-9BD9-6B6778385BD6}.Release_UAT|x86.ActiveCfg = Release|Any CPU
		{D983E793-FE4F-495B-9BD9-6B6778385BD6}.Release_UAT|x86.Build.0 = Release|Any CPU
		{D983E793-FE4F-495B-9BD9-6B6778385BD6}.Release|Any CPU.ActiveCfg = Release|Any CPU
		{D983E793-FE4F-495B-9BD9-6B6778385BD6}.Release|Any CPU.Build.0 = Release|Any CPU
		{D983E793-FE4F-495B-9BD9-6B6778385BD6}.Release|x86.ActiveCfg = Release|Any CPU
		{D983E793-FE4F-495B-9BD9-6B6778385BD6}.Release|x86.Build.0 = Release|Any CPU
	EndGlobalSection
	GlobalSection(SolutionProperties) = preSolution
		HideSolutionNode = FALSE
	EndGlobalSection
EndGlobal
