
Microsoft Visual Studio Solution File, Format Version 12.00
# Visual Studio 14
VisualStudioVersion = 14.0.25420.1
MinimumVisualStudioVersion = 10.0.40219.1
Project("{FAE04EC0-301F-11D3-BF4B-00C04F79EFBC}") = "Social", "Social\Social.csproj", "{D983E793-FE4F-495B-9BD9-6B6778385BD6}"
EndProject
Project("{2150E333-8FDC-42A3-9474-1A3956D46DE8}") = "socail.CP", "socail.CP", "{6E24025C-3CA8-4903-9176-D83C62DD07D9}"
EndProject
Project("{FAE04EC0-301F-11D3-BF4B-00C04F79EFBC}") = "ArgaamPlus.CP.Application", "..\..\..\..\..\..\companyfactsheet\New folder2\payasyougo8-7-2017\ArgaamPlus.CP.Application\ArgaamPlus.CP.Application.csproj", "{1139F8B3-7BAF-49D0-BB91-3EB468C0E6D2}"
EndProject
Project("{FAE04EC0-301F-11D3-BF4B-00C04F79EFBC}") = "ArgaamPlus.CP.Web", "..\..\..\..\..\..\companyfactsheet\New folder2\payasyougo8-7-2017\ArgaamPlus.CP.Web\ArgaamPlus.CP.Web.csproj", "{E78EA8D7-C861-4993-AC8F-D593C31E43E6}"
EndProject
Project("{2150E333-8FDC-42A3-9474-1A3956D46DE8}") = "Social.Shared", "Social.Shared", "{C08191AC-25F4-4DBD-AEE4-9779D2C64805}"
EndProject
Project("{FAE04EC0-301F-11D3-BF4B-00C04F79EFBC}") = "ArgaamPlus.Shared", "..\..\..\..\..\..\companyfactsheet\New folder2\payasyougo8-7-2017\ArgaamPlus.Shared\ArgaamPlus.Shared.csproj", "{73D7B21A-8996-4145-A624-09CD0167FC0A}"
EndProject
Global
	GlobalSection(SolutionConfigurationPlatforms) = preSolution
		BGS_Debug|Any CPU = BGS_Debug|Any CPU
		BGS_Debug|x86 = BGS_Debug|x86
		BGS|Any CPU = BGS|Any CPU
		BGS|x86 = BGS|x86
		DEBUG_REDIS|Any CPU = DEBUG_REDIS|Any CPU
		DEBUG_REDIS|x86 = DEBUG_REDIS|x86
		Debug|Any CPU = Debug|Any CPU
		Debug|x86 = Debug|x86
		Release_Prod|Any CPU = Release_Prod|Any CPU
		Release_Prod|x86 = Release_Prod|x86
		Release_QA|Any CPU = Release_QA|Any CPU
		Release_QA|x86 = Release_QA|x86
		Release_Staging|Any CPU = Release_Staging|Any CPU
		Release_Staging|x86 = Release_Staging|x86
		Release_UAT|Any CPU = Release_UAT|Any CPU
		Release_UAT|x86 = Release_UAT|x86
		Release|Any CPU = Release|Any CPU
		Release|x86 = Release|x86
	EndGlobalSection
	GlobalSection(ProjectConfigurationPlatforms) = postSolution
		{D983E793-FE4F-495B-9BD9-6B6778385BD6}.BGS_Debug|Any CPU.ActiveCfg = Debug|Any CPU
		{D983E793-FE4F-495B-9BD9-6B6778385BD6}.BGS_Debug|Any CPU.Build.0 = Debug|Any CPU
		{D983E793-FE4F-495B-9BD9-6B6778385BD6}.BGS_Debug|x86.ActiveCfg = Debug|Any CPU
		{D983E793-FE4F-495B-9BD9-6B6778385BD6}.BGS_Debug|x86.Build.0 = Debug|Any CPU
		{D983E793-FE4F-495B-9BD9-6B6778385BD6}.BGS|Any CPU.ActiveCfg = Release|Any CPU
		{D983E793-FE4F-495B-9BD9-6B6778385BD6}.BGS|Any CPU.Build.0 = Release|Any CPU
		{D983E793-FE4F-495B-9BD9-6B6778385BD6}.BGS|x86.ActiveCfg = Release|Any CPU
		{D983E793-FE4F-495B-9BD9-6B6778385BD6}.BGS|x86.Build.0 = Release|Any CPU
		{D983E793-FE4F-495B-9BD9-6B6778385BD6}.DEBUG_REDIS|Any CPU.ActiveCfg = Debug|Any CPU
		{D983E793-FE4F-495B-9BD9-6B6778385BD6}.DEBUG_REDIS|Any CPU.Build.0 = Debug|Any CPU
		{D983E793-FE4F-495B-9BD9-6B6778385BD6}.DEBUG_REDIS|x86.ActiveCfg = Debug|Any CPU
		{D983E793-FE4F-495B-9BD9-6B6778385BD6}.DEBUG_REDIS|x86.Build.0 = Debug|Any CPU
		{D983E793-FE4F-495B-9BD9-6B6778385BD6}.Debug|Any CPU.ActiveCfg = Debug|Any CPU
		{D983E793-FE4F-495B-9BD9-6B6778385BD6}.Debug|Any CPU.Build.0 = Debug|Any CPU
		{D983E793-FE4F-495B-9BD9-6B6778385BD6}.Debug|x86.ActiveCfg = Debug|Any CPU
		{D983E793-FE4F-495B-9BD9-6B6778385BD6}.Debug|x86.Build.0 = Debug|Any CPU
		{D983E793-FE4F-495B-9BD9-6B6778385BD6}.Release_Prod|Any CPU.ActiveCfg = Release|Any CPU
		{D983E793-FE4F-495B-9BD9-6B6778385BD6}.Release_Prod|Any CPU.Build.0 = Release|Any CPU
		{D983E793-FE4F-495B-9BD9-6B6778385BD6}.Release_Prod|x86.ActiveCfg = Release|Any CPU
		{D983E793-FE4F-495B-9BD9-6B6778385BD6}.Release_Prod|x86.Build.0 = Release|Any CPU
		{D983E793-FE4F-495B-9BD9-6B6778385BD6}.Release_QA|Any CPU.ActiveCfg = Release|Any CPU
		{D983E793-FE4F-495B-9BD9-6B6778385BD6}.Release_QA|Any CPU.Build.0 = Release|Any CPU
		{D983E793-FE4F-495B-9BD9-6B6778385BD6}.Release_QA|x86.ActiveCfg = Release|Any CPU
		{D983E793-FE4F-495B-9BD9-6B6778385BD6}.Release_QA|x86.Build.0 = Release|Any CPU
		{D983E793-FE4F-495B-9BD9-6B6778385BD6}.Release_Staging|Any CPU.ActiveCfg = Release|Any CPU
		{D983E793-FE4F-495B-9BD9-6B6778385BD6}.Release_Staging|Any CPU.Build.0 = Release|Any CPU
		{D983E793-FE4F-495B-9BD9-6B6778385BD6}.Release_Staging|x86.ActiveCfg = Release|Any CPU
		{D983E793-FE4F-495B-9BD9-6B6778385BD6}.Release_Staging|x86.Build.0 = Release|Any CPU
		{D983E793-FE4F-495B-9BD9-6B6778385BD6}.Release_UAT|Any CPU.ActiveCfg = Release|Any CPU
		{D983E793-FE4F-495B-9BD9-6B6778385BD6}.Release_UAT|Any CPU.Build.0 = Release|Any CPU
		{D983E793-FE4F-495B-9BD9-6B6778385BD6}.Release_UAT|x86.ActiveCfg = Release|Any CPU
		{D983E793-FE4F-495B-9BD9-6B6778385BD6}.Release_UAT|x86.Build.0 = Release|Any CPU
		{D983E793-FE4F-495B-9BD9-6B6778385BD6}.Release|Any CPU.ActiveCfg = Release|Any CPU
		{D983E793-FE4F-495B-9BD9-6B6778385BD6}.Release|Any CPU.Build.0 = Release|Any CPU
		{D983E793-FE4F-495B-9BD9-6B6778385BD6}.Release|x86.ActiveCfg = Release|Any CPU
		{D983E793-FE4F-495B-9BD9-6B6778385BD6}.Release|x86.Build.0 = Release|Any CPU
		{1139F8B3-7BAF-49D0-BB91-3EB468C0E6D2}.BGS_Debug|Any CPU.ActiveCfg = BGS_Debug|Any CPU
		{1139F8B3-7BAF-49D0-BB91-3EB468C0E6D2}.BGS_Debug|Any CPU.Build.0 = BGS_Debug|Any CPU
		{1139F8B3-7BAF-49D0-BB91-3EB468C0E6D2}.BGS_Debug|x86.ActiveCfg = BGS_Debug|x86
		{1139F8B3-7BAF-49D0-BB91-3EB468C0E6D2}.BGS_Debug|x86.Build.0 = BGS_Debug|x86
		{1139F8B3-7BAF-49D0-BB91-3EB468C0E6D2}.BGS|Any CPU.ActiveCfg = BGS|Any CPU
		{1139F8B3-7BAF-49D0-BB91-3EB468C0E6D2}.BGS|Any CPU.Build.0 = BGS|Any CPU
		{1139F8B3-7BAF-49D0-BB91-3EB468C0E6D2}.BGS|x86.ActiveCfg = BGS|x86
		{1139F8B3-7BAF-49D0-BB91-3EB468C0E6D2}.BGS|x86.Build.0 = BGS|x86
		{1139F8B3-7BAF-49D0-BB91-3EB468C0E6D2}.DEBUG_REDIS|Any CPU.ActiveCfg = DEBUG_REDIS|Any CPU
		{1139F8B3-7BAF-49D0-BB91-3EB468C0E6D2}.DEBUG_REDIS|Any CPU.Build.0 = DEBUG_REDIS|Any CPU
		{1139F8B3-7BAF-49D0-BB91-3EB468C0E6D2}.DEBUG_REDIS|x86.ActiveCfg = DEBUG_REDIS|x86
		{1139F8B3-7BAF-49D0-BB91-3EB468C0E6D2}.DEBUG_REDIS|x86.Build.0 = DEBUG_REDIS|x86
		{1139F8B3-7BAF-49D0-BB91-3EB468C0E6D2}.Debug|Any CPU.ActiveCfg = Debug|Any CPU
		{1139F8B3-7BAF-49D0-BB91-3EB468C0E6D2}.Debug|Any CPU.Build.0 = Debug|Any CPU
		{1139F8B3-7BAF-49D0-BB91-3EB468C0E6D2}.Debug|x86.ActiveCfg = Debug|x86
		{1139F8B3-7BAF-49D0-BB91-3EB468C0E6D2}.Debug|x86.Build.0 = Debug|x86
		{1139F8B3-7BAF-49D0-BB91-3EB468C0E6D2}.Release_Prod|Any CPU.ActiveCfg = Release_Prod|Any CPU
		{1139F8B3-7BAF-49D0-BB91-3EB468C0E6D2}.Release_Prod|Any CPU.Build.0 = Release_Prod|Any CPU
		{1139F8B3-7BAF-49D0-BB91-3EB468C0E6D2}.Release_Prod|x86.ActiveCfg = Release_Prod|x86
		{1139F8B3-7BAF-49D0-BB91-3EB468C0E6D2}.Release_Prod|x86.Build.0 = Release_Prod|x86
		{1139F8B3-7BAF-49D0-BB91-3EB468C0E6D2}.Release_QA|Any CPU.ActiveCfg = Release_QA|Any CPU
		{1139F8B3-7BAF-49D0-BB91-3EB468C0E6D2}.Release_QA|Any CPU.Build.0 = Release_QA|Any CPU
		{1139F8B3-7BAF-49D0-BB91-3EB468C0E6D2}.Release_QA|x86.ActiveCfg = Release_QA|x86
		{1139F8B3-7BAF-49D0-BB91-3EB468C0E6D2}.Release_QA|x86.Build.0 = Release_QA|x86
		{1139F8B3-7BAF-49D0-BB91-3EB468C0E6D2}.Release_Staging|Any CPU.ActiveCfg = Release_Staging|Any CPU
		{1139F8B3-7BAF-49D0-BB91-3EB468C0E6D2}.Release_Staging|Any CPU.Build.0 = Release_Staging|Any CPU
		{1139F8B3-7BAF-49D0-BB91-3EB468C0E6D2}.Release_Staging|x86.ActiveCfg = Release_Staging|x86
		{1139F8B3-7BAF-49D0-BB91-3EB468C0E6D2}.Release_Staging|x86.Build.0 = Release_Staging|x86
		{1139F8B3-7BAF-49D0-BB91-3EB468C0E6D2}.Release_UAT|Any CPU.ActiveCfg = Release_UAT|Any CPU
		{1139F8B3-7BAF-49D0-BB91-3EB468C0E6D2}.Release_UAT|Any CPU.Build.0 = Release_UAT|Any CPU
		{1139F8B3-7BAF-49D0-BB91-3EB468C0E6D2}.Release_UAT|x86.ActiveCfg = Release_UAT|x86
		{1139F8B3-7BAF-49D0-BB91-3EB468C0E6D2}.Release_UAT|x86.Build.0 = Release_UAT|x86
		{1139F8B3-7BAF-49D0-BB91-3EB468C0E6D2}.Release|Any CPU.ActiveCfg = Release|Any CPU
		{1139F8B3-7BAF-49D0-BB91-3EB468C0E6D2}.Release|Any CPU.Build.0 = Release|Any CPU
		{1139F8B3-7BAF-49D0-BB91-3EB468C0E6D2}.Release|x86.ActiveCfg = Release|x86
		{1139F8B3-7BAF-49D0-BB91-3EB468C0E6D2}.Release|x86.Build.0 = Release|x86
		{E78EA8D7-C861-4993-AC8F-D593C31E43E6}.BGS_Debug|Any CPU.ActiveCfg = BGS_Debug|Any CPU
		{E78EA8D7-C861-4993-AC8F-D593C31E43E6}.BGS_Debug|Any CPU.Build.0 = BGS_Debug|Any CPU
		{E78EA8D7-C861-4993-AC8F-D593C31E43E6}.BGS_Debug|x86.ActiveCfg = BGS_Debug|x86
		{E78EA8D7-C861-4993-AC8F-D593C31E43E6}.BGS_Debug|x86.Build.0 = BGS_Debug|x86
		{E78EA8D7-C861-4993-AC8F-D593C31E43E6}.BGS|Any CPU.ActiveCfg = BGS|Any CPU
		{E78EA8D7-C861-4993-AC8F-D593C31E43E6}.BGS|Any CPU.Build.0 = BGS|Any CPU
		{E78EA8D7-C861-4993-AC8F-D593C31E43E6}.BGS|x86.ActiveCfg = BGS|x86
		{E78EA8D7-C861-4993-AC8F-D593C31E43E6}.BGS|x86.Build.0 = BGS|x86
		{E78EA8D7-C861-4993-AC8F-D593C31E43E6}.DEBUG_REDIS|Any CPU.ActiveCfg = DEBUG_REDIS|Any CPU
		{E78EA8D7-C861-4993-AC8F-D593C31E43E6}.DEBUG_REDIS|Any CPU.Build.0 = DEBUG_REDIS|Any CPU
		{E78EA8D7-C861-4993-AC8F-D593C31E43E6}.DEBUG_REDIS|x86.ActiveCfg = DEBUG_REDIS|x86
		{E78EA8D7-C861-4993-AC8F-D593C31E43E6}.DEBUG_REDIS|x86.Build.0 = DEBUG_REDIS|x86
		{E78EA8D7-C861-4993-AC8F-D593C31E43E6}.Debug|Any CPU.ActiveCfg = Debug|Any CPU
		{E78EA8D7-C861-4993-AC8F-D593C31E43E6}.Debug|Any CPU.Build.0 = Debug|Any CPU
		{E78EA8D7-C861-4993-AC8F-D593C31E43E6}.Debug|x86.ActiveCfg = Debug|x86
		{E78EA8D7-C861-4993-AC8F-D593C31E43E6}.Debug|x86.Build.0 = Debug|x86
		{E78EA8D7-C861-4993-AC8F-D593C31E43E6}.Release_Prod|Any CPU.ActiveCfg = Release_Prod|Any CPU
		{E78EA8D7-C861-4993-AC8F-D593C31E43E6}.Release_Prod|Any CPU.Build.0 = Release_Prod|Any CPU
		{E78EA8D7-C861-4993-AC8F-D593C31E43E6}.Release_Prod|x86.ActiveCfg = Release_Prod|x86
		{E78EA8D7-C861-4993-AC8F-D593C31E43E6}.Release_Prod|x86.Build.0 = Release_Prod|x86
		{E78EA8D7-C861-4993-AC8F-D593C31E43E6}.Release_QA|Any CPU.ActiveCfg = Release_QA|Any CPU
		{E78EA8D7-C861-4993-AC8F-D593C31E43E6}.Release_QA|Any CPU.Build.0 = Release_QA|Any CPU
		{E78EA8D7-C861-4993-AC8F-D593C31E43E6}.Release_QA|x86.ActiveCfg = Release_QA|x86
		{E78EA8D7-C861-4993-AC8F-D593C31E43E6}.Release_QA|x86.Build.0 = Release_QA|x86
		{E78EA8D7-C861-4993-AC8F-D593C31E43E6}.Release_Staging|Any CPU.ActiveCfg = Release_Staging|Any CPU
		{E78EA8D7-C861-4993-AC8F-D593C31E43E6}.Release_Staging|Any CPU.Build.0 = Release_Staging|Any CPU
		{E78EA8D7-C861-4993-AC8F-D593C31E43E6}.Release_Staging|x86.ActiveCfg = Release_Staging|x86
		{E78EA8D7-C861-4993-AC8F-D593C31E43E6}.Release_Staging|x86.Build.0 = Release_Staging|x86
		{E78EA8D7-C861-4993-AC8F-D593C31E43E6}.Release_UAT|Any CPU.ActiveCfg = Release_UAT|Any CPU
		{E78EA8D7-C861-4993-AC8F-D593C31E43E6}.Release_UAT|Any CPU.Build.0 = Release_UAT|Any CPU
		{E78EA8D7-C861-4993-AC8F-D593C31E43E6}.Release_UAT|x86.ActiveCfg = Release_UAT|x86
		{E78EA8D7-C861-4993-AC8F-D593C31E43E6}.Release_UAT|x86.Build.0 = Release_UAT|x86
		{E78EA8D7-C861-4993-AC8F-D593C31E43E6}.Release|Any CPU.ActiveCfg = Release|Any CPU
		{E78EA8D7-C861-4993-AC8F-D593C31E43E6}.Release|Any CPU.Build.0 = Release|Any CPU
		{E78EA8D7-C861-4993-AC8F-D593C31E43E6}.Release|x86.ActiveCfg = Release|x86
		{E78EA8D7-C861-4993-AC8F-D593C31E43E6}.Release|x86.Build.0 = Release|x86
		{73D7B21A-8996-4145-A624-09CD0167FC0A}.BGS_Debug|Any CPU.ActiveCfg = BGS_Debug|Any CPU
		{73D7B21A-8996-4145-A624-09CD0167FC0A}.BGS_Debug|Any CPU.Build.0 = BGS_Debug|Any CPU
		{73D7B21A-8996-4145-A624-09CD0167FC0A}.BGS_Debug|x86.ActiveCfg = BGS_Debug|x86
		{73D7B21A-8996-4145-A624-09CD0167FC0A}.BGS_Debug|x86.Build.0 = BGS_Debug|x86
		{73D7B21A-8996-4145-A624-09CD0167FC0A}.BGS|Any CPU.ActiveCfg = BGS|Any CPU
		{73D7B21A-8996-4145-A624-09CD0167FC0A}.BGS|Any CPU.Build.0 = BGS|Any CPU
		{73D7B21A-8996-4145-A624-09CD0167FC0A}.BGS|x86.ActiveCfg = BGS|x86
		{73D7B21A-8996-4145-A624-09CD0167FC0A}.BGS|x86.Build.0 = BGS|x86
		{73D7B21A-8996-4145-A624-09CD0167FC0A}.DEBUG_REDIS|Any CPU.ActiveCfg = DEBUG_REDIS|Any CPU
		{73D7B21A-8996-4145-A624-09CD0167FC0A}.DEBUG_REDIS|Any CPU.Build.0 = DEBUG_REDIS|Any CPU
		{73D7B21A-8996-4145-A624-09CD0167FC0A}.DEBUG_REDIS|x86.ActiveCfg = DEBUG_REDIS|x86
		{73D7B21A-8996-4145-A624-09CD0167FC0A}.DEBUG_REDIS|x86.Build.0 = DEBUG_REDIS|x86
		{73D7B21A-8996-4145-A624-09CD0167FC0A}.Debug|Any CPU.ActiveCfg = Debug|Any CPU
		{73D7B21A-8996-4145-A624-09CD0167FC0A}.Debug|Any CPU.Build.0 = Debug|Any CPU
		{73D7B21A-8996-4145-A624-09CD0167FC0A}.Debug|x86.ActiveCfg = Debug|x86
		{73D7B21A-8996-4145-A624-09CD0167FC0A}.Debug|x86.Build.0 = Debug|x86
		{73D7B21A-8996-4145-A624-09CD0167FC0A}.Release_Prod|Any CPU.ActiveCfg = Release_Prod|Any CPU
		{73D7B21A-8996-4145-A624-09CD0167FC0A}.Release_Prod|Any CPU.Build.0 = Release_Prod|Any CPU
		{73D7B21A-8996-4145-A624-09CD0167FC0A}.Release_Prod|x86.ActiveCfg = Release_Prod|x86
		{73D7B21A-8996-4145-A624-09CD0167FC0A}.Release_Prod|x86.Build.0 = Release_Prod|x86
		{73D7B21A-8996-4145-A624-09CD0167FC0A}.Release_QA|Any CPU.ActiveCfg = Release_QA|Any CPU
		{73D7B21A-8996-4145-A624-09CD0167FC0A}.Release_QA|Any CPU.Build.0 = Release_QA|Any CPU
		{73D7B21A-8996-4145-A624-09CD0167FC0A}.Release_QA|x86.ActiveCfg = Release_QA|x86
		{73D7B21A-8996-4145-A624-09CD0167FC0A}.Release_QA|x86.Build.0 = Release_QA|x86
		{73D7B21A-8996-4145-A624-09CD0167FC0A}.Release_Staging|Any CPU.ActiveCfg = Release_Staging|Any CPU
		{73D7B21A-8996-4145-A624-09CD0167FC0A}.Release_Staging|Any CPU.Build.0 = Release_Staging|Any CPU
		{73D7B21A-8996-4145-A624-09CD0167FC0A}.Release_Staging|x86.ActiveCfg = Release_Staging|x86
		{73D7B21A-8996-4145-A624-09CD0167FC0A}.Release_Staging|x86.Build.0 = Release_Staging|x86
		{73D7B21A-8996-4145-A624-09CD0167FC0A}.Release_UAT|Any CPU.ActiveCfg = Release_UAT|Any CPU
		{73D7B21A-8996-4145-A624-09CD0167FC0A}.Release_UAT|Any CPU.Build.0 = Release_UAT|Any CPU
		{73D7B21A-8996-4145-A624-09CD0167FC0A}.Release_UAT|x86.ActiveCfg = Release_UAT|x86
		{73D7B21A-8996-4145-A624-09CD0167FC0A}.Release_UAT|x86.Build.0 = Release_UAT|x86
		{73D7B21A-8996-4145-A624-09CD0167FC0A}.Release|Any CPU.ActiveCfg = Release|Any CPU
		{73D7B21A-8996-4145-A624-09CD0167FC0A}.Release|Any CPU.Build.0 = Release|Any CPU
		{73D7B21A-8996-4145-A624-09CD0167FC0A}.Release|x86.ActiveCfg = Release|x86
		{73D7B21A-8996-4145-A624-09CD0167FC0A}.Release|x86.Build.0 = Release|x86
	EndGlobalSection
	GlobalSection(SolutionProperties) = preSolution
		HideSolutionNode = FALSE
	EndGlobalSection
	GlobalSection(NestedProjects) = preSolution
		{1139F8B3-7BAF-49D0-BB91-3EB468C0E6D2} = {6E24025C-3CA8-4903-9176-D83C62DD07D9}
		{E78EA8D7-C861-4993-AC8F-D593C31E43E6} = {6E24025C-3CA8-4903-9176-D83C62DD07D9}
		{73D7B21A-8996-4145-A624-09CD0167FC0A} = {C08191AC-25F4-4DBD-AEE4-9779D2C64805}
	EndGlobalSection
EndGlobal
